
Microsoft Visual Studio Solution File, Format Version 12.00
# Visual Studio 15
VisualStudioVersion = 15.0.27428.2015
MinimumVisualStudioVersion = 10.0.40219.1
Project("{FAE04EC0-301F-11D3-BF4B-00C04F79EFBC}") = "MrAng_Invoice", "InvoiceSys\MrAng_Invoice.csproj", "{628CD7F4-DA8A-451B-B52D-708EA607AAC9}"
EndProject
Global
	GlobalSection(SolutionConfigurationPlatforms) = preSolution
		Debug|Any CPU = Debug|Any CPU
		Release|Any CPU = Release|Any CPU
	EndGlobalSection
	GlobalSection(ProjectConfigurationPlatforms) = postSolution
		{628CD7F4-DA8A-451B-B52D-708EA607AAC9}.Debug|Any CPU.ActiveCfg = Debug|Any CPU
		{628CD7F4-DA8A-451B-B52D-708EA607AAC9}.Debug|Any CPU.Build.0 = Debug|Any CPU
		{628CD7F4-DA8A-451B-B52D-708EA607AAC9}.Release|Any CPU.ActiveCfg = Release|Any CPU
		{628CD7F4-DA8A-451B-B52D-708EA607AAC9}.Release|Any CPU.Build.0 = Release|Any CPU
	EndGlobalSection
	GlobalSection(SolutionProperties) = preSolution
		HideSolutionNode = FALSE
	EndGlobalSection
	GlobalSection(ExtensibilityGlobals) = postSolution
		SolutionGuid = {D34DFF90-D678-4CA3-B9FF-A4A96CCE6768}
	EndGlobalSection
EndGlobal
